
Microsoft Visual Studio Solution File, Format Version 12.00
# Visual Studio 15
VisualStudioVersion = 15.0.26730.12
MinimumVisualStudioVersion = 10.0.40219.1
Project("{8BC9CEB8-8B4A-11D0-8D11-00A0C91BC942}") = "MultiScheduler", "MultiScheduler\MultiScheduler.vcxproj", "{F44B43F1-2DEA-47D9-BDE8-366B1FF0D51E}"
EndProject
Global
	GlobalSection(SolutionConfigurationPlatforms) = preSolution
		Debug|x64 = Debug|x64
		Debug|x86 = Debug|x86
		Release|x64 = Release|x64
		Release|x86 = Release|x86
	EndGlobalSection
	GlobalSection(ProjectConfigurationPlatforms) = postSolution
		{F44B43F1-2DEA-47D9-BDE8-366B1FF0D51E}.Debug|x64.ActiveCfg = Debug|x64
		{F44B43F1-2DEA-47D9-BDE8-366B1FF0D51E}.Debug|x64.Build.0 = Debug|x64
		{F44B43F1-2DEA-47D9-BDE8-366B1FF0D51E}.Debug|x86.ActiveCfg = Debug|Win32
		{F44B43F1-2DEA-47D9-BDE8-366B1FF0D51E}.Debug|x86.Build.0 = Debug|Win32
		{F44B43F1-2DEA-47D9-BDE8-366B1FF0D51E}.Release|x64.ActiveCfg = Release|x64
		{F44B43F1-2DEA-47D9-BDE8-366B1FF0D51E}.Release|x64.Build.0 = Release|x64
		{F44B43F1-2DEA-47D9-BDE8-366B1FF0D51E}.Release|x86.ActiveCfg = Release|Win32
		{F44B43F1-2DEA-47D9-BDE8-366B1FF0D51E}.Release|x86.Build.0 = Release|Win32
	EndGlobalSection
	GlobalSection(SolutionProperties) = preSolution
		HideSolutionNode = FALSE
	EndGlobalSection
	GlobalSection(ExtensibilityGlobals) = postSolution
		SolutionGuid = {905775CA-DCCE-405A-864A-208B7013506B}
	EndGlobalSection
EndGlobal
